
Microsoft Visual Studio Solution File, Format Version 12.00
# Visual Studio Version 17
VisualStudioVersion = 17.3.32929.385
MinimumVisualStudioVersion = 10.0.40219.1
Project("{9A19103F-16F7-4668-BE54-9A1E7A4F7556}") = "DeathCounter", "DeathCounter\DeathCounter.csproj", "{C9160246-6A32-4B96-99A1-A11389B34484}"
EndProject
Global
	GlobalSection(SolutionConfigurationPlatforms) = preSolution
		Debug|Any CPU = Debug|Any CPU
		Debug|x64 = Debug|x64
		Release|Any CPU = Release|Any CPU
		Release|x64 = Release|x64
	EndGlobalSection
	GlobalSection(ProjectConfigurationPlatforms) = postSolution
		{C9160246-6A32-4B96-99A1-A11389B34484}.Debug|Any CPU.ActiveCfg = Debug|Any CPU
		{C9160246-6A32-4B96-99A1-A11389B34484}.Debug|Any CPU.Build.0 = Debug|Any CPU
		{C9160246-6A32-4B96-99A1-A11389B34484}.Debug|x64.ActiveCfg = Debug|x64
		{C9160246-6A32-4B96-99A1-A11389B34484}.Debug|x64.Build.0 = Debug|x64
		{C9160246-6A32-4B96-99A1-A11389B34484}.Release|Any CPU.ActiveCfg = Release|Any CPU
		{C9160246-6A32-4B96-99A1-A11389B34484}.Release|Any CPU.Build.0 = Release|Any CPU
		{C9160246-6A32-4B96-99A1-A11389B34484}.Release|x64.ActiveCfg = Release|x64
		{C9160246-6A32-4B96-99A1-A11389B34484}.Release|x64.Build.0 = Release|x64
	EndGlobalSection
	GlobalSection(SolutionProperties) = preSolution
		HideSolutionNode = FALSE
	EndGlobalSection
	GlobalSection(ExtensibilityGlobals) = postSolution
		SolutionGuid = {50C6C4DB-101E-435D-A336-FD77E4F61B49}
	EndGlobalSection
EndGlobal
